
Microsoft Visual Studio Solution File, Format Version 12.00
Project("{2150E333-8FDC-42A3-9474-1A3956D46DE8}") = "src", "src", "{1403ACE5-BB19-4953-9B4B-B8CBD83A4B50}"
EndProject
Project("{2150E333-8FDC-42A3-9474-1A3956D46DE8}") = "common", "common", "{5DD64C5E-9F25-4DBD-B3F3-AF647EB81732}"
ProjectSection(SolutionItems) = preProject
	readme.md = readme.md
	.gitignore = .gitignore
	dockerfile = dockerfile
EndProjectSection
EndProject
Project("{2150E333-8FDC-42A3-9474-1A3956D46DE8}") = "tests", "tests", "{D3BE6FB9-F108-4455-9900-9D25CB481021}"
EndProject
Project("{FAE04EC0-301F-11D3-BF4B-00C04F79EFBC}") = "OzonEdu.MerchandiseService", "src\OzonEdu.MerchandiseService\OzonEdu.MerchandiseService.csproj", "{30615C79-4451-4BE5-8588-073F67DEB802}"
EndProject
Project("{FAE04EC0-301F-11D3-BF4B-00C04F79EFBC}") = "OzonEdu.MerchandiseService.HttpClients", "src\OzonEdu.MerchandiseService.HttpClients\OzonEdu.MerchandiseService.HttpClients.csproj", "{91A4F819-AA5B-4F56-8CA5-239D705CE6BB}"
EndProject
Project("{FAE04EC0-301F-11D3-BF4B-00C04F79EFBC}") = "OzonEdu.MerchandiseService.Grpc", "src\OzonEdu.MerchandiseService.Grpc\OzonEdu.MerchandiseService.Grpc.csproj", "{0C3F3C3F-76F6-4818-BC11-DD0DE7B3E823}"
EndProject
Project("{FAE04EC0-301F-11D3-BF4B-00C04F79EFBC}") = "OzonEdu.MerchandiseService.HttpModels", "src\OzonEdu.MerchandiseService.HttpModels\OzonEdu.MerchandiseService.HttpModels.csproj", "{A376FBD1-31F9-45AF-B3D0-4E3B6D655F44}"
EndProject
Project("{FAE04EC0-301F-11D3-BF4B-00C04F79EFBC}") = "OzonEdu.MerchandiseService.Domain", "src\OzonEdu.MerchandiseService.Domain\OzonEdu.MerchandiseService.Domain.csproj", "{42884BF4-F441-45E3-8E95-ADD3E84114A4}"
EndProject
Project("{FAE04EC0-301F-11D3-BF4B-00C04F79EFBC}") = "OzonEdu.MerchandiseService.Domain.Tests", "tests\OzonEdu.MerchandiseService.Domain.Tests\OzonEdu.MerchandiseService.Domain.Tests.csproj", "{6476CCF9-8EE9-4F65-8B67-89F8337B6DD7}"
EndProject
Global
	GlobalSection(SolutionConfigurationPlatforms) = preSolution
		Debug|Any CPU = Debug|Any CPU
		Release|Any CPU = Release|Any CPU
	EndGlobalSection
	GlobalSection(NestedProjects) = preSolution
		{30615C79-4451-4BE5-8588-073F67DEB802} = {1403ACE5-BB19-4953-9B4B-B8CBD83A4B50}
		{91A4F819-AA5B-4F56-8CA5-239D705CE6BB} = {1403ACE5-BB19-4953-9B4B-B8CBD83A4B50}
		{0C3F3C3F-76F6-4818-BC11-DD0DE7B3E823} = {1403ACE5-BB19-4953-9B4B-B8CBD83A4B50}
		{A376FBD1-31F9-45AF-B3D0-4E3B6D655F44} = {1403ACE5-BB19-4953-9B4B-B8CBD83A4B50}
		{42884BF4-F441-45E3-8E95-ADD3E84114A4} = {1403ACE5-BB19-4953-9B4B-B8CBD83A4B50}
		{6476CCF9-8EE9-4F65-8B67-89F8337B6DD7} = {D3BE6FB9-F108-4455-9900-9D25CB481021}
	EndGlobalSection
	GlobalSection(ProjectConfigurationPlatforms) = postSolution
		{30615C79-4451-4BE5-8588-073F67DEB802}.Debug|Any CPU.ActiveCfg = Debug|Any CPU
		{30615C79-4451-4BE5-8588-073F67DEB802}.Debug|Any CPU.Build.0 = Debug|Any CPU
		{30615C79-4451-4BE5-8588-073F67DEB802}.Release|Any CPU.ActiveCfg = Release|Any CPU
		{30615C79-4451-4BE5-8588-073F67DEB802}.Release|Any CPU.Build.0 = Release|Any CPU
		{91A4F819-AA5B-4F56-8CA5-239D705CE6BB}.Debug|Any CPU.ActiveCfg = Debug|Any CPU
		{91A4F819-AA5B-4F56-8CA5-239D705CE6BB}.Debug|Any CPU.Build.0 = Debug|Any CPU
		{91A4F819-AA5B-4F56-8CA5-239D705CE6BB}.Release|Any CPU.ActiveCfg = Release|Any CPU
		{91A4F819-AA5B-4F56-8CA5-239D705CE6BB}.Release|Any CPU.Build.0 = Release|Any CPU
		{0C3F3C3F-76F6-4818-BC11-DD0DE7B3E823}.Debug|Any CPU.ActiveCfg = Debug|Any CPU
		{0C3F3C3F-76F6-4818-BC11-DD0DE7B3E823}.Debug|Any CPU.Build.0 = Debug|Any CPU
		{0C3F3C3F-76F6-4818-BC11-DD0DE7B3E823}.Release|Any CPU.ActiveCfg = Release|Any CPU
		{0C3F3C3F-76F6-4818-BC11-DD0DE7B3E823}.Release|Any CPU.Build.0 = Release|Any CPU
		{A376FBD1-31F9-45AF-B3D0-4E3B6D655F44}.Debug|Any CPU.ActiveCfg = Debug|Any CPU
		{A376FBD1-31F9-45AF-B3D0-4E3B6D655F44}.Debug|Any CPU.Build.0 = Debug|Any CPU
		{A376FBD1-31F9-45AF-B3D0-4E3B6D655F44}.Release|Any CPU.ActiveCfg = Release|Any CPU
		{A376FBD1-31F9-45AF-B3D0-4E3B6D655F44}.Release|Any CPU.Build.0 = Release|Any CPU
		{42884BF4-F441-45E3-8E95-ADD3E84114A4}.Debug|Any CPU.ActiveCfg = Debug|Any CPU
		{42884BF4-F441-45E3-8E95-ADD3E84114A4}.Debug|Any CPU.Build.0 = Debug|Any CPU
		{42884BF4-F441-45E3-8E95-ADD3E84114A4}.Release|Any CPU.ActiveCfg = Release|Any CPU
		{42884BF4-F441-45E3-8E95-ADD3E84114A4}.Release|Any CPU.Build.0 = Release|Any CPU
		{6476CCF9-8EE9-4F65-8B67-89F8337B6DD7}.Debug|Any CPU.ActiveCfg = Debug|Any CPU
		{6476CCF9-8EE9-4F65-8B67-89F8337B6DD7}.Debug|Any CPU.Build.0 = Debug|Any CPU
		{6476CCF9-8EE9-4F65-8B67-89F8337B6DD7}.Release|Any CPU.ActiveCfg = Release|Any CPU
		{6476CCF9-8EE9-4F65-8B67-89F8337B6DD7}.Release|Any CPU.Build.0 = Release|Any CPU
	EndGlobalSection
EndGlobal
